
Microsoft Visual Studio Solution File, Format Version 12.00
# Visual Studio Version 16
VisualStudioVersion = 16.0.29009.5
MinimumVisualStudioVersion = 10.0.40219.1
Project("{FAE04EC0-301F-11D3-BF4B-00C04F79EFBC}") = "Game", "Labsheet6\Game.csproj", "{8CD291B9-0E2D-466B-9B29-33F90FA036E4}"
EndProject
Global
	GlobalSection(SolutionConfigurationPlatforms) = preSolution
		Debug|Any CPU = Debug|Any CPU
		Release|Any CPU = Release|Any CPU
	EndGlobalSection
	GlobalSection(ProjectConfigurationPlatforms) = postSolution
		{8CD291B9-0E2D-466B-9B29-33F90FA036E4}.Debug|Any CPU.ActiveCfg = Debug|Any CPU
		{8CD291B9-0E2D-466B-9B29-33F90FA036E4}.Debug|Any CPU.Build.0 = Debug|Any CPU
		{8CD291B9-0E2D-466B-9B29-33F90FA036E4}.Release|Any CPU.ActiveCfg = Release|Any CPU
		{8CD291B9-0E2D-466B-9B29-33F90FA036E4}.Release|Any CPU.Build.0 = Release|Any CPU
	EndGlobalSection
	GlobalSection(SolutionProperties) = preSolution
		HideSolutionNode = FALSE
	EndGlobalSection
	GlobalSection(ExtensibilityGlobals) = postSolution
		SolutionGuid = {5DF54E06-E3EF-4EFF-946E-60FD2CC2B837}
	EndGlobalSection
EndGlobal
